
Microsoft Visual Studio Solution File, Format Version 12.00
# Visual Studio Version 17
VisualStudioVersion = 17.1.32210.238
MinimumVisualStudioVersion = 10.0.40219.1
Project("{FAE04EC0-301F-11D3-BF4B-00C04F79EFBC}") = "Team 3 - Mini Projekt", "Team 3 - Mini Projekt\Team 3 - Mini Projekt.csproj", "{EA368693-4BB4-4A26-AF41-FDE43B1365F6}"
EndProject
Global
	GlobalSection(SolutionConfigurationPlatforms) = preSolution
		Debug|Any CPU = Debug|Any CPU
		Release|Any CPU = Release|Any CPU
	EndGlobalSection
	GlobalSection(ProjectConfigurationPlatforms) = postSolution
		{EA368693-4BB4-4A26-AF41-FDE43B1365F6}.Debug|Any CPU.ActiveCfg = Debug|Any CPU
		{EA368693-4BB4-4A26-AF41-FDE43B1365F6}.Debug|Any CPU.Build.0 = Debug|Any CPU
		{EA368693-4BB4-4A26-AF41-FDE43B1365F6}.Release|Any CPU.ActiveCfg = Release|Any CPU
		{EA368693-4BB4-4A26-AF41-FDE43B1365F6}.Release|Any CPU.Build.0 = Release|Any CPU
	EndGlobalSection
	GlobalSection(SolutionProperties) = preSolution
		HideSolutionNode = FALSE
	EndGlobalSection
	GlobalSection(ExtensibilityGlobals) = postSolution
		SolutionGuid = {36983DC6-0324-4729-83C6-EA714D11902B}
	EndGlobalSection
EndGlobal
